
Microsoft Visual Studio Solution File, Format Version 12.00
# Visual Studio Version 16
VisualStudioVersion = 16.0.30413.136
MinimumVisualStudioVersion = 10.0.40219.1
Project("{9A19103F-16F7-4668-BE54-9A1E7A4F7556}") = "简单工厂", "简单工厂\简单工厂.csproj", "{C0B4124C-416D-4D02-9D92-02518C2FF576}"
EndProject
Project("{9A19103F-16F7-4668-BE54-9A1E7A4F7556}") = "策略模式", "策略模式\策略模式.csproj", "{F8D91EED-D467-4C58-BF70-22113F1E9B66}"
EndProject
Project("{9A19103F-16F7-4668-BE54-9A1E7A4F7556}") = "装饰模式", "装饰模式\装饰模式.csproj", "{BECD869A-442A-4D8E-B788-946CDB8D4845}"
EndProject
Project("{9A19103F-16F7-4668-BE54-9A1E7A4F7556}") = "代理模式", "代理模式\代理模式.csproj", "{BB8C004F-D58B-4FCB-9B7B-41AC469E72EB}"
EndProject
Project("{9A19103F-16F7-4668-BE54-9A1E7A4F7556}") = "工厂方法", "工厂方法\工厂方法.csproj", "{C966269B-6B19-4233-9642-D96D77A63948}"
EndProject
Project("{9A19103F-16F7-4668-BE54-9A1E7A4F7556}") = "原型模式", "原型模式\原型模式.csproj", "{A48087E5-34DD-42BB-8295-3E1058206B1A}"
EndProject
Project("{9A19103F-16F7-4668-BE54-9A1E7A4F7556}") = "建造者模式", "建造者模式\建造者模式.csproj", "{31C8B31E-1154-413C-84A4-59902648BEC0}"
EndProject
Project("{9A19103F-16F7-4668-BE54-9A1E7A4F7556}") = "方法模板", "方法模板\方法模板.csproj", "{DB5A7F60-74AD-464C-AB91-DB32087A1A01}"
EndProject
Project("{9A19103F-16F7-4668-BE54-9A1E7A4F7556}") = "外观模式", "外观模式\外观模式.csproj", "{F812ACD5-E1ED-40B6-A6FC-585F869830CB}"
EndProject
Project("{9A19103F-16F7-4668-BE54-9A1E7A4F7556}") = "观察者模式", "观察者模式\观察者模式.csproj", "{E23B3B8A-2C46-4DF1-8670-9031A4241C90}"
EndProject
Project("{9A19103F-16F7-4668-BE54-9A1E7A4F7556}") = "抽象工厂", "抽象工厂\抽象工厂.csproj", "{68656E5D-0043-44A6-A2A5-0ECE2B9EB903}"
EndProject
Project("{9A19103F-16F7-4668-BE54-9A1E7A4F7556}") = "状态模式", "状态模式\状态模式.csproj", "{42472BB6-59BC-40EE-BDE1-44C9E74224AB}"
EndProject
Project("{9A19103F-16F7-4668-BE54-9A1E7A4F7556}") = "适配器模式", "适配器模式\适配器模式.csproj", "{E6B1A219-7BCF-4ECC-B6FB-8ED51F19A339}"
EndProject
Project("{9A19103F-16F7-4668-BE54-9A1E7A4F7556}") = "备忘录模式", "备忘录模式\备忘录模式.csproj", "{627D1ADF-F25F-42B6-BD32-4C6D3F83B036}"
EndProject
Project("{9A19103F-16F7-4668-BE54-9A1E7A4F7556}") = "组合模式", "组合模式\组合模式.csproj", "{68B24C50-2B0E-4D78-9682-466D3B53B49B}"
EndProject
Project("{9A19103F-16F7-4668-BE54-9A1E7A4F7556}") = "迭代器模式", "迭代器模式\迭代器模式.csproj", "{53A82BF5-9D4A-4A2E-AC75-D2211758949C}"
EndProject
Project("{9A19103F-16F7-4668-BE54-9A1E7A4F7556}") = "单例模式", "单例模式\单例模式.csproj", "{48C9B61E-50B3-475C-8EDE-A66C0B7FD92A}"
EndProject
Project("{9A19103F-16F7-4668-BE54-9A1E7A4F7556}") = "桥接模式", "桥接模式\桥接模式.csproj", "{582840FF-F979-42FF-840E-EA43137695A2}"
EndProject
Project("{9A19103F-16F7-4668-BE54-9A1E7A4F7556}") = "命令模式", "命令模式\命令模式.csproj", "{CB53526C-0823-46A2-8F07-230EA20523AB}"
EndProject
Project("{FAE04EC0-301F-11D3-BF4B-00C04F79EFBC}") = "职责链模式", "职责链模式\职责链模式.csproj", "{41862CE9-BCAF-41D2-AA9F-D781E14228B0}"
EndProject
Project("{FAE04EC0-301F-11D3-BF4B-00C04F79EFBC}") = "中介者模式", "中介者模式\中介者模式.csproj", "{D91D4DBC-4CF4-43EF-B8DD-D1B9F41C635C}"
EndProject
Project("{FAE04EC0-301F-11D3-BF4B-00C04F79EFBC}") = "享元模式", "享元模式\享元模式.csproj", "{1BED159B-863C-4BC6-8185-1BF49F6EFE8D}"
EndProject
Global
	GlobalSection(SolutionConfigurationPlatforms) = preSolution
		Debug|Any CPU = Debug|Any CPU
		Release|Any CPU = Release|Any CPU
	EndGlobalSection
	GlobalSection(ProjectConfigurationPlatforms) = postSolution
		{C0B4124C-416D-4D02-9D92-02518C2FF576}.Debug|Any CPU.ActiveCfg = Debug|Any CPU
		{C0B4124C-416D-4D02-9D92-02518C2FF576}.Debug|Any CPU.Build.0 = Debug|Any CPU
		{C0B4124C-416D-4D02-9D92-02518C2FF576}.Release|Any CPU.ActiveCfg = Release|Any CPU
		{C0B4124C-416D-4D02-9D92-02518C2FF576}.Release|Any CPU.Build.0 = Release|Any CPU
		{F8D91EED-D467-4C58-BF70-22113F1E9B66}.Debug|Any CPU.ActiveCfg = Debug|Any CPU
		{F8D91EED-D467-4C58-BF70-22113F1E9B66}.Debug|Any CPU.Build.0 = Debug|Any CPU
		{F8D91EED-D467-4C58-BF70-22113F1E9B66}.Release|Any CPU.ActiveCfg = Release|Any CPU
		{F8D91EED-D467-4C58-BF70-22113F1E9B66}.Release|Any CPU.Build.0 = Release|Any CPU
		{BECD869A-442A-4D8E-B788-946CDB8D4845}.Debug|Any CPU.ActiveCfg = Debug|Any CPU
		{BECD869A-442A-4D8E-B788-946CDB8D4845}.Debug|Any CPU.Build.0 = Debug|Any CPU
		{BECD869A-442A-4D8E-B788-946CDB8D4845}.Release|Any CPU.ActiveCfg = Release|Any CPU
		{BECD869A-442A-4D8E-B788-946CDB8D4845}.Release|Any CPU.Build.0 = Release|Any CPU
		{BB8C004F-D58B-4FCB-9B7B-41AC469E72EB}.Debug|Any CPU.ActiveCfg = Debug|Any CPU
		{BB8C004F-D58B-4FCB-9B7B-41AC469E72EB}.Debug|Any CPU.Build.0 = Debug|Any CPU
		{BB8C004F-D58B-4FCB-9B7B-41AC469E72EB}.Release|Any CPU.ActiveCfg = Release|Any CPU
		{BB8C004F-D58B-4FCB-9B7B-41AC469E72EB}.Release|Any CPU.Build.0 = Release|Any CPU
		{C966269B-6B19-4233-9642-D96D77A63948}.Debug|Any CPU.ActiveCfg = Debug|Any CPU
		{C966269B-6B19-4233-9642-D96D77A63948}.Debug|Any CPU.Build.0 = Debug|Any CPU
		{C966269B-6B19-4233-9642-D96D77A63948}.Release|Any CPU.ActiveCfg = Release|Any CPU
		{C966269B-6B19-4233-9642-D96D77A63948}.Release|Any CPU.Build.0 = Release|Any CPU
		{A48087E5-34DD-42BB-8295-3E1058206B1A}.Debug|Any CPU.ActiveCfg = Debug|Any CPU
		{A48087E5-34DD-42BB-8295-3E1058206B1A}.Debug|Any CPU.Build.0 = Debug|Any CPU
		{A48087E5-34DD-42BB-8295-3E1058206B1A}.Release|Any CPU.ActiveCfg = Release|Any CPU
		{A48087E5-34DD-42BB-8295-3E1058206B1A}.Release|Any CPU.Build.0 = Release|Any CPU
		{31C8B31E-1154-413C-84A4-59902648BEC0}.Debug|Any CPU.ActiveCfg = Debug|Any CPU
		{31C8B31E-1154-413C-84A4-59902648BEC0}.Debug|Any CPU.Build.0 = Debug|Any CPU
		{31C8B31E-1154-413C-84A4-59902648BEC0}.Release|Any CPU.ActiveCfg = Release|Any CPU
		{31C8B31E-1154-413C-84A4-59902648BEC0}.Release|Any CPU.Build.0 = Release|Any CPU
		{DB5A7F60-74AD-464C-AB91-DB32087A1A01}.Debug|Any CPU.ActiveCfg = Debug|Any CPU
		{DB5A7F60-74AD-464C-AB91-DB32087A1A01}.Debug|Any CPU.Build.0 = Debug|Any CPU
		{DB5A7F60-74AD-464C-AB91-DB32087A1A01}.Release|Any CPU.ActiveCfg = Release|Any CPU
		{DB5A7F60-74AD-464C-AB91-DB32087A1A01}.Release|Any CPU.Build.0 = Release|Any CPU
		{F812ACD5-E1ED-40B6-A6FC-585F869830CB}.Debug|Any CPU.ActiveCfg = Debug|Any CPU
		{F812ACD5-E1ED-40B6-A6FC-585F869830CB}.Debug|Any CPU.Build.0 = Debug|Any CPU
		{F812ACD5-E1ED-40B6-A6FC-585F869830CB}.Release|Any CPU.ActiveCfg = Release|Any CPU
		{F812ACD5-E1ED-40B6-A6FC-585F869830CB}.Release|Any CPU.Build.0 = Release|Any CPU
		{E23B3B8A-2C46-4DF1-8670-9031A4241C90}.Debug|Any CPU.ActiveCfg = Debug|Any CPU
		{E23B3B8A-2C46-4DF1-8670-9031A4241C90}.Debug|Any CPU.Build.0 = Debug|Any CPU
		{E23B3B8A-2C46-4DF1-8670-9031A4241C90}.Release|Any CPU.ActiveCfg = Release|Any CPU
		{E23B3B8A-2C46-4DF1-8670-9031A4241C90}.Release|Any CPU.Build.0 = Release|Any CPU
		{68656E5D-0043-44A6-A2A5-0ECE2B9EB903}.Debug|Any CPU.ActiveCfg = Debug|Any CPU
		{68656E5D-0043-44A6-A2A5-0ECE2B9EB903}.Debug|Any CPU.Build.0 = Debug|Any CPU
		{68656E5D-0043-44A6-A2A5-0ECE2B9EB903}.Release|Any CPU.ActiveCfg = Release|Any CPU
		{68656E5D-0043-44A6-A2A5-0ECE2B9EB903}.Release|Any CPU.Build.0 = Release|Any CPU
		{42472BB6-59BC-40EE-BDE1-44C9E74224AB}.Debug|Any CPU.ActiveCfg = Debug|Any CPU
		{42472BB6-59BC-40EE-BDE1-44C9E74224AB}.Debug|Any CPU.Build.0 = Debug|Any CPU
		{42472BB6-59BC-40EE-BDE1-44C9E74224AB}.Release|Any CPU.ActiveCfg = Release|Any CPU
		{42472BB6-59BC-40EE-BDE1-44C9E74224AB}.Release|Any CPU.Build.0 = Release|Any CPU
		{E6B1A219-7BCF-4ECC-B6FB-8ED51F19A339}.Debug|Any CPU.ActiveCfg = Debug|Any CPU
		{E6B1A219-7BCF-4ECC-B6FB-8ED51F19A339}.Debug|Any CPU.Build.0 = Debug|Any CPU
		{E6B1A219-7BCF-4ECC-B6FB-8ED51F19A339}.Release|Any CPU.ActiveCfg = Release|Any CPU
		{E6B1A219-7BCF-4ECC-B6FB-8ED51F19A339}.Release|Any CPU.Build.0 = Release|Any CPU
		{627D1ADF-F25F-42B6-BD32-4C6D3F83B036}.Debug|Any CPU.ActiveCfg = Debug|Any CPU
		{627D1ADF-F25F-42B6-BD32-4C6D3F83B036}.Debug|Any CPU.Build.0 = Debug|Any CPU
		{627D1ADF-F25F-42B6-BD32-4C6D3F83B036}.Release|Any CPU.ActiveCfg = Release|Any CPU
		{627D1ADF-F25F-42B6-BD32-4C6D3F83B036}.Release|Any CPU.Build.0 = Release|Any CPU
		{68B24C50-2B0E-4D78-9682-466D3B53B49B}.Debug|Any CPU.ActiveCfg = Debug|Any CPU
		{68B24C50-2B0E-4D78-9682-466D3B53B49B}.Debug|Any CPU.Build.0 = Debug|Any CPU
		{68B24C50-2B0E-4D78-9682-466D3B53B49B}.Release|Any CPU.ActiveCfg = Release|Any CPU
		{68B24C50-2B0E-4D78-9682-466D3B53B49B}.Release|Any CPU.Build.0 = Release|Any CPU
		{53A82BF5-9D4A-4A2E-AC75-D2211758949C}.Debug|Any CPU.ActiveCfg = Debug|Any CPU
		{53A82BF5-9D4A-4A2E-AC75-D2211758949C}.Debug|Any CPU.Build.0 = Debug|Any CPU
		{53A82BF5-9D4A-4A2E-AC75-D2211758949C}.Release|Any CPU.ActiveCfg = Release|Any CPU
		{53A82BF5-9D4A-4A2E-AC75-D2211758949C}.Release|Any CPU.Build.0 = Release|Any CPU
		{48C9B61E-50B3-475C-8EDE-A66C0B7FD92A}.Debug|Any CPU.ActiveCfg = Debug|Any CPU
		{48C9B61E-50B3-475C-8EDE-A66C0B7FD92A}.Debug|Any CPU.Build.0 = Debug|Any CPU
		{48C9B61E-50B3-475C-8EDE-A66C0B7FD92A}.Release|Any CPU.ActiveCfg = Release|Any CPU
		{48C9B61E-50B3-475C-8EDE-A66C0B7FD92A}.Release|Any CPU.Build.0 = Release|Any CPU
		{582840FF-F979-42FF-840E-EA43137695A2}.Debug|Any CPU.ActiveCfg = Debug|Any CPU
		{582840FF-F979-42FF-840E-EA43137695A2}.Debug|Any CPU.Build.0 = Debug|Any CPU
		{582840FF-F979-42FF-840E-EA43137695A2}.Release|Any CPU.ActiveCfg = Release|Any CPU
		{582840FF-F979-42FF-840E-EA43137695A2}.Release|Any CPU.Build.0 = Release|Any CPU
		{CB53526C-0823-46A2-8F07-230EA20523AB}.Debug|Any CPU.ActiveCfg = Debug|Any CPU
		{CB53526C-0823-46A2-8F07-230EA20523AB}.Debug|Any CPU.Build.0 = Debug|Any CPU
		{CB53526C-0823-46A2-8F07-230EA20523AB}.Release|Any CPU.ActiveCfg = Release|Any CPU
		{CB53526C-0823-46A2-8F07-230EA20523AB}.Release|Any CPU.Build.0 = Release|Any CPU
		{41862CE9-BCAF-41D2-AA9F-D781E14228B0}.Debug|Any CPU.ActiveCfg = Debug|Any CPU
		{41862CE9-BCAF-41D2-AA9F-D781E14228B0}.Debug|Any CPU.Build.0 = Debug|Any CPU
		{41862CE9-BCAF-41D2-AA9F-D781E14228B0}.Release|Any CPU.ActiveCfg = Release|Any CPU
		{41862CE9-BCAF-41D2-AA9F-D781E14228B0}.Release|Any CPU.Build.0 = Release|Any CPU
		{D91D4DBC-4CF4-43EF-B8DD-D1B9F41C635C}.Debug|Any CPU.ActiveCfg = Debug|Any CPU
		{D91D4DBC-4CF4-43EF-B8DD-D1B9F41C635C}.Debug|Any CPU.Build.0 = Debug|Any CPU
		{D91D4DBC-4CF4-43EF-B8DD-D1B9F41C635C}.Release|Any CPU.ActiveCfg = Release|Any CPU
		{D91D4DBC-4CF4-43EF-B8DD-D1B9F41C635C}.Release|Any CPU.Build.0 = Release|Any CPU
		{1BED159B-863C-4BC6-8185-1BF49F6EFE8D}.Debug|Any CPU.ActiveCfg = Debug|Any CPU
		{1BED159B-863C-4BC6-8185-1BF49F6EFE8D}.Debug|Any CPU.Build.0 = Debug|Any CPU
		{1BED159B-863C-4BC6-8185-1BF49F6EFE8D}.Release|Any CPU.ActiveCfg = Release|Any CPU
		{1BED159B-863C-4BC6-8185-1BF49F6EFE8D}.Release|Any CPU.Build.0 = Release|Any CPU
	EndGlobalSection
	GlobalSection(SolutionProperties) = preSolution
		HideSolutionNode = FALSE
	EndGlobalSection
	GlobalSection(ExtensibilityGlobals) = postSolution
		SolutionGuid = {D618C655-3C40-46A8-BE00-5A696F728822}
	EndGlobalSection
EndGlobal
